
Microsoft Visual Studio Solution File, Format Version 12.00
# Visual Studio Version 16
VisualStudioVersion = 16.0.32802.440
MinimumVisualStudioVersion = 10.0.40219.1
Project("{FAE04EC0-301F-11D3-BF4B-00C04F79EFBC}") = "Cumulative_Assignment", "Cumulative_Assignment\Cumulative_Assignment.csproj", "{E2BCAD12-DABB-4BE7-8745-1CA6063963D7}"
EndProject
Global
	GlobalSection(SolutionConfigurationPlatforms) = preSolution
		Debug|Any CPU = Debug|Any CPU
		Release|Any CPU = Release|Any CPU
	EndGlobalSection
	GlobalSection(ProjectConfigurationPlatforms) = postSolution
		{E2BCAD12-DABB-4BE7-8745-1CA6063963D7}.Debug|Any CPU.ActiveCfg = Debug|Any CPU
		{E2BCAD12-DABB-4BE7-8745-1CA6063963D7}.Debug|Any CPU.Build.0 = Debug|Any CPU
		{E2BCAD12-DABB-4BE7-8745-1CA6063963D7}.Release|Any CPU.ActiveCfg = Release|Any CPU
		{E2BCAD12-DABB-4BE7-8745-1CA6063963D7}.Release|Any CPU.Build.0 = Release|Any CPU
	EndGlobalSection
	GlobalSection(SolutionProperties) = preSolution
		HideSolutionNode = FALSE
	EndGlobalSection
	GlobalSection(ExtensibilityGlobals) = postSolution
		SolutionGuid = {017ADD23-3A17-4F29-9AD4-ECFC3ED912A2}
	EndGlobalSection
EndGlobal
